{
  "name": "wechatprojects",
  "version": "1.0.0",
  "lockfileVersion": 3,
  "requires": true,
  "packages": {
    "": {
      "name": "wechatprojects",
      "version": "1.0.0",
      "license": "ISC",
      "dependencies": {
        "mobx-miniprogram": "^6.12.3",
        "mobx-miniprogram-bindings": "^7.0.0"
      }
    },
    "node_modules/miniprogram-api-typings": {
      "version": "5.2.3",
      "resolved": "https://registry.npmmirror.com/miniprogram-api-typings/-/miniprogram-api-typings-5.2.3.tgz",
      "integrity": "sha512-KVcNSfR2VmRtz35rxkjLxE92HlsBnbT6NsKyTcDX3ebbTKAsAiTOFO1mRM82Xbe848dnEYqNGzaD48LMEvGytw==",
      "license": "MIT",
      "peer": true
    },
    "node_modules/mobx-miniprogram": {
      "version": "6.12.3",
      "resolved": "https://registry.npmmirror.com/mobx-miniprogram/-/mobx-miniprogram-6.12.3.tgz",
      "integrity": "sha512-GEq1EG7jZPnrHYV43oppa6jY9lgbNRuGPiXyOFRoluHjd5LIGBf3a+zXMjzO1AVwrFOWvVRazxtzfiRXMUUqZw==",
      "license": "MIT",
      "funding": {
        "type": "opencollective",
        "url": "https://opencollective.com/mobx"
      }
    },
    "node_modules/mobx-miniprogram-bindings": {
      "version": "7.0.0",
      "resolved": "https://registry.npmmirror.com/mobx-miniprogram-bindings/-/mobx-miniprogram-bindings-7.0.0.tgz",
      "integrity": "sha512-ol3IH+cr4lwr9MXkyG03/RXbyP+JuQnd3Xibn6sKy/EMmQx97MiQca9l5vkbC4cbJ3QZCVHF5jOxnc0UTPxR5w==",
      "license": "MIT",
      "peerDependencies": {
        "miniprogram-api-typings": "^5.1.2",
        "mobx-miniprogram": "^6.0.0"
      }
    }
  }
}
